
Microsoft Visual Studio Solution File, Format Version 12.00
# Visual Studio Version 17
VisualStudioVersion = 17.3.32819.101
MinimumVisualStudioVersion = 10.0.40219.1
Project("{FAE04EC0-301F-11D3-BF4B-00C04F79EFBC}") = "XML_operation", "XML_operation\XML_operation.csproj", "{3C8244B5-69D4-467B-9F24-3C0C52C8614A}"
EndProject
Project("{FAE04EC0-301F-11D3-BF4B-00C04F79EFBC}") = "TryIt", "TryIt\TryIt.csproj", "{329CF061-4737-4471-B285-2780AA63A8C4}"
	ProjectSection(ProjectDependencies) = postProject
		{3C8244B5-69D4-467B-9F24-3C0C52C8614A} = {3C8244B5-69D4-467B-9F24-3C0C52C8614A}
	EndProjectSection
EndProject
Global
	GlobalSection(SolutionConfigurationPlatforms) = preSolution
		Debug|Any CPU = Debug|Any CPU
		Release|Any CPU = Release|Any CPU
	EndGlobalSection
	GlobalSection(ProjectConfigurationPlatforms) = postSolution
		{3C8244B5-69D4-467B-9F24-3C0C52C8614A}.Debug|Any CPU.ActiveCfg = Debug|Any CPU
		{3C8244B5-69D4-467B-9F24-3C0C52C8614A}.Debug|Any CPU.Build.0 = Debug|Any CPU
		{3C8244B5-69D4-467B-9F24-3C0C52C8614A}.Release|Any CPU.ActiveCfg = Release|Any CPU
		{3C8244B5-69D4-467B-9F24-3C0C52C8614A}.Release|Any CPU.Build.0 = Release|Any CPU
		{329CF061-4737-4471-B285-2780AA63A8C4}.Debug|Any CPU.ActiveCfg = Debug|Any CPU
		{329CF061-4737-4471-B285-2780AA63A8C4}.Debug|Any CPU.Build.0 = Debug|Any CPU
		{329CF061-4737-4471-B285-2780AA63A8C4}.Release|Any CPU.ActiveCfg = Release|Any CPU
		{329CF061-4737-4471-B285-2780AA63A8C4}.Release|Any CPU.Build.0 = Release|Any CPU
	EndGlobalSection
	GlobalSection(SolutionProperties) = preSolution
		HideSolutionNode = FALSE
	EndGlobalSection
	GlobalSection(ExtensibilityGlobals) = postSolution
		SolutionGuid = {4DB895B7-240D-42DA-92DF-12C582DF9288}
	EndGlobalSection
EndGlobal
