
Microsoft Visual Studio Solution File, Format Version 12.00
# Visual Studio Version 17
VisualStudioVersion = 17.3.32819.101
MinimumVisualStudioVersion = 10.0.40219.1
Project("{FAE04EC0-301F-11D3-BF4B-00C04F79EFBC}") = "web", "web\web.csproj", "{1032385B-3620-46A3-8E8E-9C5176D99A78}"
EndProject
Project("{FAE04EC0-301F-11D3-BF4B-00C04F79EFBC}") = "Encryption", "Encryption\Encryption.csproj", "{664C8875-DCF6-4EF1-8426-879F9CAF423E}"
EndProject
Global
	GlobalSection(SolutionConfigurationPlatforms) = preSolution
		Debug|Any CPU = Debug|Any CPU
		Release|Any CPU = Release|Any CPU
	EndGlobalSection
	GlobalSection(ProjectConfigurationPlatforms) = postSolution
		{1032385B-3620-46A3-8E8E-9C5176D99A78}.Debug|Any CPU.ActiveCfg = Debug|Any CPU
		{1032385B-3620-46A3-8E8E-9C5176D99A78}.Debug|Any CPU.Build.0 = Debug|Any CPU
		{1032385B-3620-46A3-8E8E-9C5176D99A78}.Release|Any CPU.ActiveCfg = Release|Any CPU
		{1032385B-3620-46A3-8E8E-9C5176D99A78}.Release|Any CPU.Build.0 = Release|Any CPU
		{664C8875-DCF6-4EF1-8426-879F9CAF423E}.Debug|Any CPU.ActiveCfg = Debug|Any CPU
		{664C8875-DCF6-4EF1-8426-879F9CAF423E}.Debug|Any CPU.Build.0 = Debug|Any CPU
		{664C8875-DCF6-4EF1-8426-879F9CAF423E}.Release|Any CPU.ActiveCfg = Release|Any CPU
		{664C8875-DCF6-4EF1-8426-879F9CAF423E}.Release|Any CPU.Build.0 = Release|Any CPU
	EndGlobalSection
	GlobalSection(SolutionProperties) = preSolution
		HideSolutionNode = FALSE
	EndGlobalSection
	GlobalSection(ExtensibilityGlobals) = postSolution
		SolutionGuid = {F6166CC7-5769-4984-B489-E8773B195791}
	EndGlobalSection
EndGlobal
